{
  "name": "persistent-schedule",
  "version": "1.0.0",
  "lockfileVersion": 3,
  "requires": true,
  "packages": {
    "": {
      "name": "persistent-schedule",
      "version": "1.0.0",
      "license": "MIT",
      "dependencies": {
        "smol-storage": "github:gudatr/smol-storage"
      },
      "devDependencies": {
        "@types/node": "^18.15.11"
      }
    },
    "node_modules/@types/node": {
      "version": "18.15.11",
      "resolved": "https://registry.npmjs.org/@types/node/-/node-18.15.11.tgz",
      "integrity": "sha512-E5Kwq2n4SbMzQOn6wnmBjuK9ouqlURrcZDVfbo9ftDDTFt3nk7ZKK4GMOzoYgnpQJKcxwQw+lGaBvvlMo0qN/Q==",
      "dev": true
    },
    "node_modules/smol-storage": {
      "version": "1.0.0",
      "resolved": "git+ssh://git@github.com/gudatr/smol-storage.git#4a7d006d160e1cbf8551650c5a3c42114330b1c8",
      "license": "MIT"
    }
  }
}
